
Microsoft Visual Studio Solution File, Format Version 12.00
# Visual Studio Version 16
VisualStudioVersion = 16.0.30011.22
MinimumVisualStudioVersion = 10.0.40219.1
Project("{FAE04EC0-301F-11D3-BF4B-00C04F79EFBC}") = "OpenBots.Agent.Client", "OpenBots.Agent.Client\OpenBots.Agent.Client.csproj", "{9DD19570-0740-4A49-854E-2406E056346B}"
EndProject
Project("{FAE04EC0-301F-11D3-BF4B-00C04F79EFBC}") = "OpenBots.Service.Client", "OpenBots.Service.Client\OpenBots.Service.Client.csproj", "{15C04BF0-C6F5-45E7-B121-18F4C87595E5}"
EndProject
Project("{FAE04EC0-301F-11D3-BF4B-00C04F79EFBC}") = "OpenBots.Executor", "OpenBots.Executor\OpenBots.Executor.csproj", "{5C7640E4-0CB9-416B-8CEC-5E2045870D38}"
EndProject
Project("{FAE04EC0-301F-11D3-BF4B-00C04F79EFBC}") = "OpenBots.Agent.Core", "OpenBots.Agent.Core\OpenBots.Agent.Core.csproj", "{93EBF09A-D073-49A8-A07D-9528F3EAF78F}"
EndProject
Project("{FAE04EC0-301F-11D3-BF4B-00C04F79EFBC}") = "OpenBots.Service.API", "OpenBots.Service.API\OpenBots.Service.API.csproj", "{FBD953E4-9510-4E2A-8FA2-5AE749354546}"
EndProject
Global
	GlobalSection(SolutionConfigurationPlatforms) = preSolution
		Debug|Any CPU = Debug|Any CPU
		Release|Any CPU = Release|Any CPU
	EndGlobalSection
	GlobalSection(ProjectConfigurationPlatforms) = postSolution
		{9DD19570-0740-4A49-854E-2406E056346B}.Debug|Any CPU.ActiveCfg = Debug|Any CPU
		{9DD19570-0740-4A49-854E-2406E056346B}.Debug|Any CPU.Build.0 = Debug|Any CPU
		{9DD19570-0740-4A49-854E-2406E056346B}.Release|Any CPU.ActiveCfg = Release|Any CPU
		{9DD19570-0740-4A49-854E-2406E056346B}.Release|Any CPU.Build.0 = Release|Any CPU
		{15C04BF0-C6F5-45E7-B121-18F4C87595E5}.Debug|Any CPU.ActiveCfg = Debug|Any CPU
		{15C04BF0-C6F5-45E7-B121-18F4C87595E5}.Debug|Any CPU.Build.0 = Debug|Any CPU
		{15C04BF0-C6F5-45E7-B121-18F4C87595E5}.Release|Any CPU.ActiveCfg = Release|Any CPU
		{15C04BF0-C6F5-45E7-B121-18F4C87595E5}.Release|Any CPU.Build.0 = Release|Any CPU
		{5C7640E4-0CB9-416B-8CEC-5E2045870D38}.Debug|Any CPU.ActiveCfg = Debug|Any CPU
		{5C7640E4-0CB9-416B-8CEC-5E2045870D38}.Debug|Any CPU.Build.0 = Debug|Any CPU
		{5C7640E4-0CB9-416B-8CEC-5E2045870D38}.Release|Any CPU.ActiveCfg = Release|Any CPU
		{5C7640E4-0CB9-416B-8CEC-5E2045870D38}.Release|Any CPU.Build.0 = Release|Any CPU
		{93EBF09A-D073-49A8-A07D-9528F3EAF78F}.Debug|Any CPU.ActiveCfg = Debug|Any CPU
		{93EBF09A-D073-49A8-A07D-9528F3EAF78F}.Debug|Any CPU.Build.0 = Debug|Any CPU
		{93EBF09A-D073-49A8-A07D-9528F3EAF78F}.Release|Any CPU.ActiveCfg = Release|Any CPU
		{93EBF09A-D073-49A8-A07D-9528F3EAF78F}.Release|Any CPU.Build.0 = Release|Any CPU
		{FBD953E4-9510-4E2A-8FA2-5AE749354546}.Debug|Any CPU.ActiveCfg = Debug|Any CPU
		{FBD953E4-9510-4E2A-8FA2-5AE749354546}.Debug|Any CPU.Build.0 = Debug|Any CPU
		{FBD953E4-9510-4E2A-8FA2-5AE749354546}.Release|Any CPU.ActiveCfg = Release|Any CPU
		{FBD953E4-9510-4E2A-8FA2-5AE749354546}.Release|Any CPU.Build.0 = Release|Any CPU
	EndGlobalSection
	GlobalSection(SolutionProperties) = preSolution
		HideSolutionNode = FALSE
	EndGlobalSection
	GlobalSection(ExtensibilityGlobals) = postSolution
		SolutionGuid = {7606DEBF-FB17-4CD3-BF1D-26695C4F3992}
	EndGlobalSection
EndGlobal
